// !$*UTF8*$!
{
	archiveVersion = 1;
	classes = {
	};
	objectVersion = 52;
	objects = {

/* Begin PBXBuildFile section */
		2B4A8CEF239D343000AF318C /* AppDelegate.swift in Sources */ = {isa = PBXBuildFile; fileRef = 2B4A8CEE239D343000AF318C /* AppDelegate.swift */; };
		2B4A8CF1239D343000AF318C /* SceneDelegate.swift in Sources */ = {isa = PBXBuildFile; fileRef = 2B4A8CF0239D343000AF318C /* SceneDelegate.swift */; };
		2B4A8CF8239D343100AF318C /* Assets.xcassets in Resources */ = {isa = PBXBuildFile; fileRef = 2B4A8CF7239D343100AF318C /* Assets.xcassets */; };
		2B4A8CFB239D343100AF318C /* LaunchScreen.storyboard in Resources */ = {isa = PBXBuildFile; fileRef = 2B4A8CF9239D343100AF318C /* LaunchScreen.storyboard */; };
		2B4A8D06239D343100AF318C /* fitness_app_iosTests.swift in Sources */ = {isa = PBXBuildFile; fileRef = 2B4A8D05239D343100AF318C /* fitness_app_iosTests.swift */; };
		2B4A8D11239D343100AF318C /* fitness_app_iosUITests.swift in Sources */ = {isa = PBXBuildFile; fileRef = 2B4A8D10239D343100AF318C /* fitness_app_iosUITests.swift */; };
		2B4A8D21239D352400AF318C /* AuthViewController.swift in Sources */ = {isa = PBXBuildFile; fileRef = 2B4A8D20239D352400AF318C /* AuthViewController.swift */; };
		2B4A8D25239D3C1A00AF318C /* Main.storyboard in Resources */ = {isa = PBXBuildFile; fileRef = 2B4A8D24239D3C1A00AF318C /* Main.storyboard */; };
		2B4A8D2A239D3E0D00AF318C /* Header.xib in Resources */ = {isa = PBXBuildFile; fileRef = 2B4A8D29239D3E0D00AF318C /* Header.xib */; };
		2B4A8D2E239D3EF100AF318C /* MontserratMedium.ttf in Resources */ = {isa = PBXBuildFile; fileRef = 2B4A8D2B239D3EF100AF318C /* MontserratMedium.ttf */; };
		2B4A8D2F239D3EF100AF318C /* MontserratBold.otf in Resources */ = {isa = PBXBuildFile; fileRef = 2B4A8D2C239D3EF100AF318C /* MontserratBold.otf */; };
		2B4A8D30239D3EF100AF318C /* Montserrat.otf in Resources */ = {isa = PBXBuildFile; fileRef = 2B4A8D2D239D3EF100AF318C /* Montserrat.otf */; };
		2BBA42D8239D7C1300BA9D4F /* Validator.swift in Sources */ = {isa = PBXBuildFile; fileRef = 2BBA42D7239D7C1300BA9D4F /* Validator.swift */; };
		2BFF867A239D4E5A00999A86 /* Header.swift in Sources */ = {isa = PBXBuildFile; fileRef = 2BFF8679239D4E5A00999A86 /* Header.swift */; };
		2BFF867E239D535600999A86 /* ShadowView.swift in Sources */ = {isa = PBXBuildFile; fileRef = 2BFF867D239D535600999A86 /* ShadowView.swift */; };
		2BFF8681239D6E9C00999A86 /* HomeViewController.swift in Sources */ = {isa = PBXBuildFile; fileRef = 2BFF8680239D6E9C00999A86 /* HomeViewController.swift */; };
		2BFF8684239D770B00999A86 /* Apollo in Frameworks */ = {isa = PBXBuildFile; productRef = 2BFF8683239D770B00999A86 /* Apollo */; };
		2BFF8686239D770B00999A86 /* ApolloWebSocket in Frameworks */ = {isa = PBXBuildFile; productRef = 2BFF8685239D770B00999A86 /* ApolloWebSocket */; };
		2BFF868A239D780900999A86 /* Login.graphql in Resources */ = {isa = PBXBuildFile; fileRef = 2BFF8689239D780900999A86 /* Login.graphql */; };
		2BFF868C239D784100999A86 /* API.swift in Sources */ = {isa = PBXBuildFile; fileRef = 2BFF868B239D784100999A86 /* API.swift */; };
		2BFF868E239D789100999A86 /* Network.swift in Sources */ = {isa = PBXBuildFile; fileRef = 2BFF868D239D789100999A86 /* Network.swift */; };
/* End PBXBuildFile section */

/* Begin PBXContainerItemProxy section */
		2B4A8D02239D343100AF318C /* PBXContainerItemProxy */ = {
			isa = PBXContainerItemProxy;
			containerPortal = 2B4A8CE3239D343000AF318C /* Project object */;
			proxyType = 1;
			remoteGlobalIDString = 2B4A8CEA239D343000AF318C;
			remoteInfo = "fitness-app-ios";
		};
		2B4A8D0D239D343100AF318C /* PBXContainerItemProxy */ = {
			isa = PBXContainerItemProxy;
			containerPortal = 2B4A8CE3239D343000AF318C /* Project object */;
			proxyType = 1;
			remoteGlobalIDString = 2B4A8CEA239D343000AF318C;
			remoteInfo = "fitness-app-ios";
		};
/* End PBXContainerItemProxy section */

/* Begin PBXFileReference section */
		2B4A8CEB239D343000AF318C /* fitness-app-ios.app */ = {isa = PBXFileReference; explicitFileType = wrapper.application; includeInIndex = 0; path = "fitness-app-ios.app"; sourceTree = BUILT_PRODUCTS_DIR; };
		2B4A8CEE239D343000AF318C /* AppDelegate.swift */ = {isa = PBXFileReference; lastKnownFileType = sourcecode.swift; path = AppDelegate.swift; sourceTree = "<group>"; };
		2B4A8CF0239D343000AF318C /* SceneDelegate.swift */ = {isa = PBXFileReference; lastKnownFileType = sourcecode.swift; path = SceneDelegate.swift; sourceTree = "<group>"; };
		2B4A8CF7239D343100AF318C /* Assets.xcassets */ = {isa = PBXFileReference; lastKnownFileType = folder.assetcatalog; path = Assets.xcassets; sourceTree = "<group>"; };
		2B4A8CFA239D343100AF318C /* Base */ = {isa = PBXFileReference; lastKnownFileType = file.storyboard; name = Base; path = Base.lproj/LaunchScreen.storyboard; sourceTree = "<group>"; };
		2B4A8CFC239D343100AF318C /* Info.plist */ = {isa = PBXFileReference; lastKnownFileType = text.plist.xml; path = Info.plist; sourceTree = "<group>"; };
		2B4A8D01239D343100AF318C /* fitness-app-iosTests.xctest */ = {isa = PBXFileReference; explicitFileType = wrapper.cfbundle; includeInIndex = 0; path = "fitness-app-iosTests.xctest"; sourceTree = BUILT_PRODUCTS_DIR; };
		2B4A8D05239D343100AF318C /* fitness_app_iosTests.swift */ = {isa = PBXFileReference; lastKnownFileType = sourcecode.swift; path = fitness_app_iosTests.swift; sourceTree = "<group>"; };
		2B4A8D07239D343100AF318C /* Info.plist */ = {isa = PBXFileReference; lastKnownFileType = text.plist.xml; path = Info.plist; sourceTree = "<group>"; };
		2B4A8D0C239D343100AF318C /* fitness-app-iosUITests.xctest */ = {isa = PBXFileReference; explicitFileType = wrapper.cfbundle; includeInIndex = 0; path = "fitness-app-iosUITests.xctest"; sourceTree = BUILT_PRODUCTS_DIR; };
		2B4A8D10239D343100AF318C /* fitness_app_iosUITests.swift */ = {isa = PBXFileReference; lastKnownFileType = sourcecode.swift; path = fitness_app_iosUITests.swift; sourceTree = "<group>"; };
		2B4A8D12239D343100AF318C /* Info.plist */ = {isa = PBXFileReference; lastKnownFileType = text.plist.xml; path = Info.plist; sourceTree = "<group>"; };
		2B4A8D20239D352400AF318C /* AuthViewController.swift */ = {isa = PBXFileReference; lastKnownFileType = sourcecode.swift; path = AuthViewController.swift; sourceTree = "<group>"; };
		2B4A8D24239D3C1A00AF318C /* Main.storyboard */ = {isa = PBXFileReference; lastKnownFileType = file.storyboard; path = Main.storyboard; sourceTree = "<group>"; };
		2B4A8D29239D3E0D00AF318C /* Header.xib */ = {isa = PBXFileReference; lastKnownFileType = file.xib; path = Header.xib; sourceTree = "<group>"; };
		2B4A8D2B239D3EF100AF318C /* MontserratMedium.ttf */ = {isa = PBXFileReference; lastKnownFileType = file; path = MontserratMedium.ttf; sourceTree = "<group>"; };
		2B4A8D2C239D3EF100AF318C /* MontserratBold.otf */ = {isa = PBXFileReference; lastKnownFileType = file; path = MontserratBold.otf; sourceTree = "<group>"; };
		2B4A8D2D239D3EF100AF318C /* Montserrat.otf */ = {isa = PBXFileReference; lastKnownFileType = file; path = Montserrat.otf; sourceTree = "<group>"; };
		2BBA42D7239D7C1300BA9D4F /* Validator.swift */ = {isa = PBXFileReference; lastKnownFileType = sourcecode.swift; path = Validator.swift; sourceTree = "<group>"; };
		2BFF8679239D4E5A00999A86 /* Header.swift */ = {isa = PBXFileReference; lastKnownFileType = sourcecode.swift; path = Header.swift; sourceTree = "<group>"; };
		2BFF867D239D535600999A86 /* ShadowView.swift */ = {isa = PBXFileReference; lastKnownFileType = sourcecode.swift; path = ShadowView.swift; sourceTree = "<group>"; };
		2BFF8680239D6E9C00999A86 /* HomeViewController.swift */ = {isa = PBXFileReference; lastKnownFileType = sourcecode.swift; path = HomeViewController.swift; sourceTree = "<group>"; };
		2BFF8688239D77D800999A86 /* schema.json */ = {isa = PBXFileReference; lastKnownFileType = text.json; path = schema.json; sourceTree = "<group>"; };
		2BFF8689239D780900999A86 /* Login.graphql */ = {isa = PBXFileReference; lastKnownFileType = text; path = Login.graphql; sourceTree = "<group>"; };
		2BFF868B239D784100999A86 /* API.swift */ = {isa = PBXFileReference; fileEncoding = 4; lastKnownFileType = sourcecode.swift; name = API.swift; path = "fitness-app-ios/API.swift"; sourceTree = SOURCE_ROOT; };
		2BFF868D239D789100999A86 /* Network.swift */ = {isa = PBXFileReference; lastKnownFileType = sourcecode.swift; path = Network.swift; sourceTree = "<group>"; };
/* End PBXFileReference section */

/* Begin PBXFrameworksBuildPhase section */
		2B4A8CE8239D343000AF318C /* Frameworks */ = {
			isa = PBXFrameworksBuildPhase;
			buildActionMask = 2147483647;
			files = (
				2BFF8684239D770B00999A86 /* Apollo in Frameworks */,
				2BFF8686239D770B00999A86 /* ApolloWebSocket in Frameworks */,
			);
			runOnlyForDeploymentPostprocessing = 0;
		};
		2B4A8CFE239D343100AF318C /* Frameworks */ = {
			isa = PBXFrameworksBuildPhase;
			buildActionMask = 2147483647;
			files = (
			);
			runOnlyForDeploymentPostprocessing = 0;
		};
		2B4A8D09239D343100AF318C /* Frameworks */ = {
			isa = PBXFrameworksBuildPhase;
			buildActionMask = 2147483647;
			files = (
			);
			runOnlyForDeploymentPostprocessing = 0;
		};
/* End PBXFrameworksBuildPhase section */

/* Begin PBXGroup section */
		2B4A8CE2239D343000AF318C = {
			isa = PBXGroup;
			children = (
				2B4A8CED239D343000AF318C /* fitness-app-ios */,
				2B4A8D04239D343100AF318C /* fitness-app-iosTests */,
				2B4A8D0F239D343100AF318C /* fitness-app-iosUITests */,
				2B4A8CEC239D343000AF318C /* Products */,
			);
			sourceTree = "<group>";
		};
		2B4A8CEC239D343000AF318C /* Products */ = {
			isa = PBXGroup;
			children = (
				2B4A8CEB239D343000AF318C /* fitness-app-ios.app */,
				2B4A8D01239D343100AF318C /* fitness-app-iosTests.xctest */,
				2B4A8D0C239D343100AF318C /* fitness-app-iosUITests.xctest */,
			);
			name = Products;
			sourceTree = "<group>";
		};
		2B4A8CED239D343000AF318C /* fitness-app-ios */ = {
			isa = PBXGroup;
			children = (
				2BBA42D6239D7C0300BA9D4F /* Utils */,
				2B4A8D28239D3DF500AF318C /* Views */,
				2B4A8D27239D3D6500AF318C /* GraphQL */,
				2B4A8D26239D3C8E00AF318C /* ViewControllers */,
				2B4A8CEE239D343000AF318C /* AppDelegate.swift */,
				2B4A8CF0239D343000AF318C /* SceneDelegate.swift */,
				2B4A8D24239D3C1A00AF318C /* Main.storyboard */,
				2B4A8CF9239D343100AF318C /* LaunchScreen.storyboard */,
				2BFF8688239D77D800999A86 /* schema.json */,
				2B4A8CFC239D343100AF318C /* Info.plist */,
				2B4A8D31239D3EF500AF318C /* Assets.Fonts */,
				2B4A8CF7239D343100AF318C /* Assets.xcassets */,
			);
			path = "fitness-app-ios";
			sourceTree = "<group>";
		};
		2B4A8D04239D343100AF318C /* fitness-app-iosTests */ = {
			isa = PBXGroup;
			children = (
				2B4A8D05239D343100AF318C /* fitness_app_iosTests.swift */,
				2B4A8D07239D343100AF318C /* Info.plist */,
			);
			path = "fitness-app-iosTests";
			sourceTree = "<group>";
		};
		2B4A8D0F239D343100AF318C /* fitness-app-iosUITests */ = {
			isa = PBXGroup;
			children = (
				2B4A8D10239D343100AF318C /* fitness_app_iosUITests.swift */,
				2B4A8D12239D343100AF318C /* Info.plist */,
			);
			path = "fitness-app-iosUITests";
			sourceTree = "<group>";
		};
		2B4A8D26239D3C8E00AF318C /* ViewControllers */ = {
			isa = PBXGroup;
			children = (
				2B4A8D20239D352400AF318C /* AuthViewController.swift */,
				2BFF8680239D6E9C00999A86 /* HomeViewController.swift */,
			);
			path = ViewControllers;
			sourceTree = "<group>";
		};
		2B4A8D27239D3D6500AF318C /* GraphQL */ = {
			isa = PBXGroup;
			children = (
				2BFF868B239D784100999A86 /* API.swift */,
				2BFF868D239D789100999A86 /* Network.swift */,
				2BFF8689239D780900999A86 /* Login.graphql */,
			);
			path = GraphQL;
			sourceTree = "<group>";
		};
		2B4A8D28239D3DF500AF318C /* Views */ = {
			isa = PBXGroup;
			children = (
				2B4A8D29239D3E0D00AF318C /* Header.xib */,
				2BFF8679239D4E5A00999A86 /* Header.swift */,
				2BFF867D239D535600999A86 /* ShadowView.swift */,
			);
			path = Views;
			sourceTree = "<group>";
		};
		2B4A8D31239D3EF500AF318C /* Assets.Fonts */ = {
			isa = PBXGroup;
			children = (
				2B4A8D2D239D3EF100AF318C /* Montserrat.otf */,
				2B4A8D2C239D3EF100AF318C /* MontserratBold.otf */,
				2B4A8D2B239D3EF100AF318C /* MontserratMedium.ttf */,
			);
			path = Assets.Fonts;
			sourceTree = "<group>";
		};
		2BBA42D6239D7C0300BA9D4F /* Utils */ = {
			isa = PBXGroup;
			children = (
				2BBA42D7239D7C1300BA9D4F /* Validator.swift */,
			);
			path = Utils;
			sourceTree = "<group>";
		};
/* End PBXGroup section */

/* Begin PBXNativeTarget section */
		2B4A8CEA239D343000AF318C /* fitness-app-ios */ = {
			isa = PBXNativeTarget;
			buildConfigurationList = 2B4A8D15239D343100AF318C /* Build configuration list for PBXNativeTarget "fitness-app-ios" */;
			buildPhases = (
				2BFF8687239D772800999A86 /* Apollo CLI */,
				2B4A8CE7239D343000AF318C /* Sources */,
				2B4A8CE8239D343000AF318C /* Frameworks */,
				2B4A8CE9239D343000AF318C /* Resources */,
			);
			buildRules = (
			);
			dependencies = (
			);
			name = "fitness-app-ios";
			packageProductDependencies = (
				2BFF8683239D770B00999A86 /* Apollo */,
				2BFF8685239D770B00999A86 /* ApolloWebSocket */,
			);
			productName = "fitness-app-ios";
			productReference = 2B4A8CEB239D343000AF318C /* fitness-app-ios.app */;
			productType = "com.apple.product-type.application";
		};
		2B4A8D00239D343100AF318C /* fitness-app-iosTests */ = {
			isa = PBXNativeTarget;
			buildConfigurationList = 2B4A8D18239D343100AF318C /* Build configuration list for PBXNativeTarget "fitness-app-iosTests" */;
			buildPhases = (
				2B4A8CFD239D343100AF318C /* Sources */,
				2B4A8CFE239D343100AF318C /* Frameworks */,
				2B4A8CFF239D343100AF318C /* Resources */,
			);
			buildRules = (
			);
			dependencies = (
				2B4A8D03239D343100AF318C /* PBXTargetDependency */,
			);
			name = "fitness-app-iosTests";
			productName = "fitness-app-iosTests";
			productReference = 2B4A8D01239D343100AF318C /* fitness-app-iosTests.xctest */;
			productType = "com.apple.product-type.bundle.unit-test";
		};
		2B4A8D0B239D343100AF318C /* fitness-app-iosUITests */ = {
			isa = PBXNativeTarget;
			buildConfigurationList = 2B4A8D1B239D343100AF318C /* Build configuration list for PBXNativeTarget "fitness-app-iosUITests" */;
			buildPhases = (
				2B4A8D08239D343100AF318C /* Sources */,
				2B4A8D09239D343100AF318C /* Frameworks */,
				2B4A8D0A239D343100AF318C /* Resources */,
			);
			buildRules = (
			);
			dependencies = (
				2B4A8D0E239D343100AF318C /* PBXTargetDependency */,
			);
			name = "fitness-app-iosUITests";
			productName = "fitness-app-iosUITests";
			productReference = 2B4A8D0C239D343100AF318C /* fitness-app-iosUITests.xctest */;
			productType = "com.apple.product-type.bundle.ui-testing";
		};
/* End PBXNativeTarget section */

/* Begin PBXProject section */
		2B4A8CE3239D343000AF318C /* Project object */ = {
			isa = PBXProject;
			attributes = {
				LastSwiftUpdateCheck = 1110;
				LastUpgradeCheck = 1110;
				ORGANIZATIONNAME = "Edward Kerckhof";
				TargetAttributes = {
					2B4A8CEA239D343000AF318C = {
						CreatedOnToolsVersion = 11.1;
					};
					2B4A8D00239D343100AF318C = {
						CreatedOnToolsVersion = 11.1;
						TestTargetID = 2B4A8CEA239D343000AF318C;
					};
					2B4A8D0B239D343100AF318C = {
						CreatedOnToolsVersion = 11.1;
						TestTargetID = 2B4A8CEA239D343000AF318C;
					};
				};
			};
			buildConfigurationList = 2B4A8CE6239D343000AF318C /* Build configuration list for PBXProject "fitness-app-ios" */;
			compatibilityVersion = "Xcode 9.3";
			developmentRegion = en;
			hasScannedForEncodings = 0;
			knownRegions = (
				en,
				Base,
			);
			mainGroup = 2B4A8CE2239D343000AF318C;
			packageReferences = (
				2BFF8682239D770B00999A86 /* XCRemoteSwiftPackageReference "apollo-ios" */,
			);
			productRefGroup = 2B4A8CEC239D343000AF318C /* Products */;
			projectDirPath = "";
			projectRoot = "";
			targets = (
				2B4A8CEA239D343000AF318C /* fitness-app-ios */,
				2B4A8D00239D343100AF318C /* fitness-app-iosTests */,
				2B4A8D0B239D343100AF318C /* fitness-app-iosUITests */,
			);
		};
/* End PBXProject section */

/* Begin PBXResourcesBuildPhase section */
		2B4A8CE9239D343000AF318C /* Resources */ = {
			isa = PBXResourcesBuildPhase;
			buildActionMask = 2147483647;
			files = (
				2B4A8D2A239D3E0D00AF318C /* Header.xib in Resources */,
				2B4A8D25239D3C1A00AF318C /* Main.storyboard in Resources */,
				2B4A8D30239D3EF100AF318C /* Montserrat.otf in Resources */,
				2BFF868A239D780900999A86 /* Login.graphql in Resources */,
				2B4A8CFB239D343100AF318C /* LaunchScreen.storyboard in Resources */,
				2B4A8CF8239D343100AF318C /* Assets.xcassets in Resources */,
				2B4A8D2F239D3EF100AF318C /* MontserratBold.otf in Resources */,
				2B4A8D2E239D3EF100AF318C /* MontserratMedium.ttf in Resources */,
			);
			runOnlyForDeploymentPostprocessing = 0;
		};
		2B4A8CFF239D343100AF318C /* Resources */ = {
			isa = PBXResourcesBuildPhase;
			buildActionMask = 2147483647;
			files = (
			);
			runOnlyForDeploymentPostprocessing = 0;
		};
		2B4A8D0A239D343100AF318C /* Resources */ = {
			isa = PBXResourcesBuildPhase;
			buildActionMask = 2147483647;
			files = (
			);
			runOnlyForDeploymentPostprocessing = 0;
		};
/* End PBXResourcesBuildPhase section */

/* Begin PBXShellScriptBuildPhase section */
		2BFF8687239D772800999A86 /* Apollo CLI */ = {
			isa = PBXShellScriptBuildPhase;
			buildActionMask = 2147483647;
			files = (
			);
			inputFileListPaths = (
			);
			inputPaths = (
			);
			name = "Apollo CLI";
			outputFileListPaths = (
			);
			outputPaths = (
			);
			runOnlyForDeploymentPostprocessing = 0;
			shellPath = /bin/sh;
			shellScript = "# Type a script or drag a script file from your workspace to insert its path.\n# Go to the build root and search up the chain to find the Derived Data Path where the source packages are checked out.\nDERIVED_DATA_CANDIDATE=\"${BUILD_ROOT}\"\n\nwhile ! [ -d \"${DERIVED_DATA_CANDIDATE}/SourcePackages\" ]; do\n  if [ \"${DERIVED_DATA_CANDIDATE}\" = / ]; then\n    echo >&2 \"error: Unable to locate SourcePackages directory from BUILD_ROOT: '${BUILD_ROOT}'\"\n    exit 1\n  fi\n\n  DERIVED_DATA_CANDIDATE=\"$(dirname \"${DERIVED_DATA_CANDIDATE}\")\"\ndone\n\n# Grab a reference to the directory where scripts are checked out\nSCRIPT_PATH=\"${DERIVED_DATA_CANDIDATE}/SourcePackages/checkouts/apollo-ios/scripts\"\n\nif [ -z \"${SCRIPT_PATH}\" ]; then\n    echo >&2 \"error: Couldn't find the CLI script in your checked out SPM packages; make sure to add the framework to your project.\"\n    exit 1\nfi\n\ncd \"${SRCROOT}/${TARGET_NAME}\"\n\"${SCRIPT_PATH}\"/run-bundled-codegen.sh codegen:generate --target=swift --includes=./**/*.graphql --localSchemaFile=\"schema.json\" API.swift\n#\"${SCRIPT_PATH}\"/run-bundled-codegen.sh schema:download --endpoint=\"http://localhost:4000/graphql\"\n";
		};
/* End PBXShellScriptBuildPhase section */

/* Begin PBXSourcesBuildPhase section */
		2B4A8CE7239D343000AF318C /* Sources */ = {
			isa = PBXSourcesBuildPhase;
			buildActionMask = 2147483647;
			files = (
				2B4A8D21239D352400AF318C /* AuthViewController.swift in Sources */,
				2BBA42D8239D7C1300BA9D4F /* Validator.swift in Sources */,
				2B4A8CEF239D343000AF318C /* AppDelegate.swift in Sources */,
				2BFF868E239D789100999A86 /* Network.swift in Sources */,
				2BFF867E239D535600999A86 /* ShadowView.swift in Sources */,
				2B4A8CF1239D343000AF318C /* SceneDelegate.swift in Sources */,
				2BFF867A239D4E5A00999A86 /* Header.swift in Sources */,
				2BFF8681239D6E9C00999A86 /* HomeViewController.swift in Sources */,
				2BFF868C239D784100999A86 /* API.swift in Sources */,
			);
			runOnlyForDeploymentPostprocessing = 0;
		};
		2B4A8CFD239D343100AF318C /* Sources */ = {
			isa = PBXSourcesBuildPhase;
			buildActionMask = 2147483647;
			files = (
				2B4A8D06239D343100AF318C /* fitness_app_iosTests.swift in Sources */,
			);
			runOnlyForDeploymentPostprocessing = 0;
		};
		2B4A8D08239D343100AF318C /* Sources */ = {
			isa = PBXSourcesBuildPhase;
			buildActionMask = 2147483647;
			files = (
				2B4A8D11239D343100AF318C /* fitness_app_iosUITests.swift in Sources */,
			);
			runOnlyForDeploymentPostprocessing = 0;
		};
/* End PBXSourcesBuildPhase section */

/* Begin PBXTargetDependency section */
		2B4A8D03239D343100AF318C /* PBXTargetDependency */ = {
			isa = PBXTargetDependency;
			target = 2B4A8CEA239D343000AF318C /* fitness-app-ios */;
			targetProxy = 2B4A8D02239D343100AF318C /* PBXContainerItemProxy */;
		};
		2B4A8D0E239D343100AF318C /* PBXTargetDependency */ = {
			isa = PBXTargetDependency;
			target = 2B4A8CEA239D343000AF318C /* fitness-app-ios */;
			targetProxy = 2B4A8D0D239D343100AF318C /* PBXContainerItemProxy */;
		};
/* End PBXTargetDependency section */

/* Begin PBXVariantGroup section */
		2B4A8CF9239D343100AF318C /* LaunchScreen.storyboard */ = {
			isa = PBXVariantGroup;
			children = (
				2B4A8CFA239D343100AF318C /* Base */,
			);
			name = LaunchScreen.storyboard;
			sourceTree = "<group>";
		};
/* End PBXVariantGroup section */

/* Begin XCBuildConfiguration section */
		2B4A8D13239D343100AF318C /* Debug */ = {
			isa = XCBuildConfiguration;
			buildSettings = {
				ALWAYS_SEARCH_USER_PATHS = NO;
				CLANG_ANALYZER_NONNULL = YES;
				CLANG_ANALYZER_NUMBER_OBJECT_CONVERSION = YES_AGGRESSIVE;
				CLANG_CXX_LANGUAGE_STANDARD = "gnu++14";
				CLANG_CXX_LIBRARY = "libc++";
				CLANG_ENABLE_MODULES = YES;
				CLANG_ENABLE_OBJC_ARC = YES;
				CLANG_ENABLE_OBJC_WEAK = YES;
				CLANG_WARN_BLOCK_CAPTURE_AUTORELEASING = YES;
				CLANG_WARN_BOOL_CONVERSION = YES;
				CLANG_WARN_COMMA = YES;
				CLANG_WARN_CONSTANT_CONVERSION = YES;
				CLANG_WARN_DEPRECATED_OBJC_IMPLEMENTATIONS = YES;
				CLANG_WARN_DIRECT_OBJC_ISA_USAGE = YES_ERROR;
				CLANG_WARN_DOCUMENTATION_COMMENTS = YES;
				CLANG_WARN_EMPTY_BODY = YES;
				CLANG_WARN_ENUM_CONVERSION = YES;
				CLANG_WARN_INFINITE_RECURSION = YES;
				CLANG_WARN_INT_CONVERSION = YES;
				CLANG_WARN_NON_LITERAL_NULL_CONVERSION = YES;
				CLANG_WARN_OBJC_IMPLICIT_RETAIN_SELF = YES;
				CLANG_WARN_OBJC_LITERAL_CONVERSION = YES;
				CLANG_WARN_OBJC_ROOT_CLASS = YES_ERROR;
				CLANG_WARN_RANGE_LOOP_ANALYSIS = YES;
				CLANG_WARN_STRICT_PROTOTYPES = YES;
				CLANG_WARN_SUSPICIOUS_MOVE = YES;
				CLANG_WARN_UNGUARDED_AVAILABILITY = YES_AGGRESSIVE;
				CLANG_WARN_UNREACHABLE_CODE = YES;
				CLANG_WARN__DUPLICATE_METHOD_MATCH = YES;
				COPY_PHASE_STRIP = NO;
				DEBUG_INFORMATION_FORMAT = dwarf;
				ENABLE_STRICT_OBJC_MSGSEND = YES;
				ENABLE_TESTABILITY = YES;
				GCC_C_LANGUAGE_STANDARD = gnu11;
				GCC_DYNAMIC_NO_PIC = NO;
				GCC_NO_COMMON_BLOCKS = YES;
				GCC_OPTIMIZATION_LEVEL = 0;
				GCC_PREPROCESSOR_DEFINITIONS = (
					"DEBUG=1",
					"$(inherited)",
				);
				GCC_WARN_64_TO_32_BIT_CONVERSION = YES;
				GCC_WARN_ABOUT_RETURN_TYPE = YES_ERROR;
				GCC_WARN_UNDECLARED_SELECTOR = YES;
				GCC_WARN_UNINITIALIZED_AUTOS = YES_AGGRESSIVE;
				GCC_WARN_UNUSED_FUNCTION = YES;
				GCC_WARN_UNUSED_VARIABLE = YES;
				IPHONEOS_DEPLOYMENT_TARGET = 13.1;
				MTL_ENABLE_DEBUG_INFO = INCLUDE_SOURCE;
				MTL_FAST_MATH = YES;
				ONLY_ACTIVE_ARCH = YES;
				SDKROOT = iphoneos;
				SWIFT_ACTIVE_COMPILATION_CONDITIONS = DEBUG;
				SWIFT_OPTIMIZATION_LEVEL = "-Onone";
			};
			name = Debug;
		};
		2B4A8D14239D343100AF318C /* Release */ = {
			isa = XCBuildConfiguration;
			buildSettings = {
				ALWAYS_SEARCH_USER_PATHS = NO;
				CLANG_ANALYZER_NONNULL = YES;
				CLANG_ANALYZER_NUMBER_OBJECT_CONVERSION = YES_AGGRESSIVE;
				CLANG_CXX_LANGUAGE_STANDARD = "gnu++14";
				CLANG_CXX_LIBRARY = "libc++";
				CLANG_ENABLE_MODULES = YES;
				CLANG_ENABLE_OBJC_ARC = YES;
				CLANG_ENABLE_OBJC_WEAK = YES;
				CLANG_WARN_BLOCK_CAPTURE_AUTORELEASING = YES;
				CLANG_WARN_BOOL_CONVERSION = YES;
				CLANG_WARN_COMMA = YES;
				CLANG_WARN_CONSTANT_CONVERSION = YES;
				CLANG_WARN_DEPRECATED_OBJC_IMPLEMENTATIONS = YES;
				CLANG_WARN_DIRECT_OBJC_ISA_USAGE = YES_ERROR;
				CLANG_WARN_DOCUMENTATION_COMMENTS = YES;
				CLANG_WARN_EMPTY_BODY = YES;
				CLANG_WARN_ENUM_CONVERSION = YES;
				CLANG_WARN_INFINITE_RECURSION = YES;
				CLANG_WARN_INT_CONVERSION = YES;
				CLANG_WARN_NON_LITERAL_NULL_CONVERSION = YES;
				CLANG_WARN_OBJC_IMPLICIT_RETAIN_SELF = YES;
				CLANG_WARN_OBJC_LITERAL_CONVERSION = YES;
				CLANG_WARN_OBJC_ROOT_CLASS = YES_ERROR;
				CLANG_WARN_RANGE_LOOP_ANALYSIS = YES;
				CLANG_WARN_STRICT_PROTOTYPES = YES;
				CLANG_WARN_SUSPICIOUS_MOVE = YES;
				CLANG_WARN_UNGUARDED_AVAILABILITY = YES_AGGRESSIVE;
				CLANG_WARN_UNREACHABLE_CODE = YES;
				CLANG_WARN__DUPLICATE_METHOD_MATCH = YES;
				COPY_PHASE_STRIP = NO;
				DEBUG_INFORMATION_FORMAT = "dwarf-with-dsym";
				ENABLE_NS_ASSERTIONS = NO;
				ENABLE_STRICT_OBJC_MSGSEND = YES;
				GCC_C_LANGUAGE_STANDARD = gnu11;
				GCC_NO_COMMON_BLOCKS = YES;
				GCC_WARN_64_TO_32_BIT_CONVERSION = YES;
				GCC_WARN_ABOUT_RETURN_TYPE = YES_ERROR;
				GCC_WARN_UNDECLARED_SELECTOR = YES;
				GCC_WARN_UNINITIALIZED_AUTOS = YES_AGGRESSIVE;
				GCC_WARN_UNUSED_FUNCTION = YES;
				GCC_WARN_UNUSED_VARIABLE = YES;
				IPHONEOS_DEPLOYMENT_TARGET = 13.1;
				MTL_ENABLE_DEBUG_INFO = NO;
				MTL_FAST_MATH = YES;
				SDKROOT = iphoneos;
				SWIFT_COMPILATION_MODE = wholemodule;
				SWIFT_OPTIMIZATION_LEVEL = "-O";
				VALIDATE_PRODUCT = YES;
			};
			name = Release;
		};
		2B4A8D16239D343100AF318C /* Debug */ = {
			isa = XCBuildConfiguration;
			buildSettings = {
				ASSETCATALOG_COMPILER_APPICON_NAME = AppIcon;
				CODE_SIGN_STYLE = Automatic;
				INFOPLIST_FILE = "fitness-app-ios/Info.plist";
				LD_RUNPATH_SEARCH_PATHS = (
					"$(inherited)",
					"@executable_path/Frameworks",
				);
				PRODUCT_BUNDLE_IDENTIFIER = "be.zonedev.fitness-app-ios";
				PRODUCT_NAME = "$(TARGET_NAME)";
				SWIFT_VERSION = 5.0;
				TARGETED_DEVICE_FAMILY = "1,2";
			};
			name = Debug;
		};
		2B4A8D17239D343100AF318C /* Release */ = {
			isa = XCBuildConfiguration;
			buildSettings = {
				ASSETCATALOG_COMPILER_APPICON_NAME = AppIcon;
				CODE_SIGN_STYLE = Automatic;
				INFOPLIST_FILE = "fitness-app-ios/Info.plist";
				LD_RUNPATH_SEARCH_PATHS = (
					"$(inherited)",
					"@executable_path/Frameworks",
				);
				PRODUCT_BUNDLE_IDENTIFIER = "be.zonedev.fitness-app-ios";
				PRODUCT_NAME = "$(TARGET_NAME)";
				SWIFT_VERSION = 5.0;
				TARGETED_DEVICE_FAMILY = "1,2";
			};
			name = Release;
		};
		2B4A8D19239D343100AF318C /* Debug */ = {
			isa = XCBuildConfiguration;
			buildSettings = {
				ALWAYS_EMBED_SWIFT_STANDARD_LIBRARIES = YES;
				BUNDLE_LOADER = "$(TEST_HOST)";
				CODE_SIGN_STYLE = Automatic;
				INFOPLIST_FILE = "fitness-app-iosTests/Info.plist";
				IPHONEOS_DEPLOYMENT_TARGET = 13.1;
				LD_RUNPATH_SEARCH_PATHS = (
					"$(inherited)",
					"@executable_path/Frameworks",
					"@loader_path/Frameworks",
				);
				PRODUCT_BUNDLE_IDENTIFIER = "be.zonedev.fitness-app-iosTests";
				PRODUCT_NAME = "$(TARGET_NAME)";
				SWIFT_VERSION = 5.0;
				TARGETED_DEVICE_FAMILY = "1,2";
				TEST_HOST = "$(BUILT_PRODUCTS_DIR)/fitness-app-ios.app/fitness-app-ios";
			};
			name = Debug;
		};
		2B4A8D1A239D343100AF318C /* Release */ = {
			isa = XCBuildConfiguration;
			buildSettings = {
				ALWAYS_EMBED_SWIFT_STANDARD_LIBRARIES = YES;
				BUNDLE_LOADER = "$(TEST_HOST)";
				CODE_SIGN_STYLE = Automatic;
				INFOPLIST_FILE = "fitness-app-iosTests/Info.plist";
				IPHONEOS_DEPLOYMENT_TARGET = 13.1;
				LD_RUNPATH_SEARCH_PATHS = (
					"$(inherited)",
					"@executable_path/Frameworks",
					"@loader_path/Frameworks",
				);
				PRODUCT_BUNDLE_IDENTIFIER = "be.zonedev.fitness-app-iosTests";
				PRODUCT_NAME = "$(TARGET_NAME)";
				SWIFT_VERSION = 5.0;
				TARGETED_DEVICE_FAMILY = "1,2";
				TEST_HOST = "$(BUILT_PRODUCTS_DIR)/fitness-app-ios.app/fitness-app-ios";
			};
			name = Release;
		};
		2B4A8D1C239D343100AF318C /* Debug */ = {
			isa = XCBuildConfiguration;
			buildSettings = {
				ALWAYS_EMBED_SWIFT_STANDARD_LIBRARIES = YES;
				CODE_SIGN_STYLE = Automatic;
				INFOPLIST_FILE = "fitness-app-iosUITests/Info.plist";
				LD_RUNPATH_SEARCH_PATHS = (
					"$(inherited)",
					"@executable_path/Frameworks",
					"@loader_path/Frameworks",
				);
				PRODUCT_BUNDLE_IDENTIFIER = "be.zonedev.fitness-app-iosUITests";
				PRODUCT_NAME = "$(TARGET_NAME)";
				SWIFT_VERSION = 5.0;
				TARGETED_DEVICE_FAMILY = "1,2";
				TEST_TARGET_NAME = "fitness-app-ios";
			};
			name = Debug;
		};
		2B4A8D1D239D343100AF318C /* Release */ = {
			isa = XCBuildConfiguration;
			buildSettings = {
				ALWAYS_EMBED_SWIFT_STANDARD_LIBRARIES = YES;
				CODE_SIGN_STYLE = Automatic;
				INFOPLIST_FILE = "fitness-app-iosUITests/Info.plist";
				LD_RUNPATH_SEARCH_PATHS = (
					"$(inherited)",
					"@executable_path/Frameworks",
					"@loader_path/Frameworks",
				);
				PRODUCT_BUNDLE_IDENTIFIER = "be.zonedev.fitness-app-iosUITests";
				PRODUCT_NAME = "$(TARGET_NAME)";
				SWIFT_VERSION = 5.0;
				TARGETED_DEVICE_FAMILY = "1,2";
				TEST_TARGET_NAME = "fitness-app-ios";
			};
			name = Release;
		};
/* End XCBuildConfiguration section */

/* Begin XCConfigurationList section */
		2B4A8CE6239D343000AF318C /* Build configuration list for PBXProject "fitness-app-ios" */ = {
			isa = XCConfigurationList;
			buildConfigurations = (
				2B4A8D13239D343100AF318C /* Debug */,
				2B4A8D14239D343100AF318C /* Release */,
			);
			defaultConfigurationIsVisible = 0;
			defaultConfigurationName = Release;
		};
		2B4A8D15239D343100AF318C /* Build configuration list for PBXNativeTarget "fitness-app-ios" */ = {
			isa = XCConfigurationList;
			buildConfigurations = (
				2B4A8D16239D343100AF318C /* Debug */,
				2B4A8D17239D343100AF318C /* Release */,
			);
			defaultConfigurationIsVisible = 0;
			defaultConfigurationName = Release;
		};
		2B4A8D18239D343100AF318C /* Build configuration list for PBXNativeTarget "fitness-app-iosTests" */ = {
			isa = XCConfigurationList;
			buildConfigurations = (
				2B4A8D19239D343100AF318C /* Debug */,
				2B4A8D1A239D343100AF318C /* Release */,
			);
			defaultConfigurationIsVisible = 0;
			defaultConfigurationName = Release;
		};
		2B4A8D1B239D343100AF318C /* Build configuration list for PBXNativeTarget "fitness-app-iosUITests" */ = {
			isa = XCConfigurationList;
			buildConfigurations = (
				2B4A8D1C239D343100AF318C /* Debug */,
				2B4A8D1D239D343100AF318C /* Release */,
			);
			defaultConfigurationIsVisible = 0;
			defaultConfigurationName = Release;
		};
/* End XCConfigurationList section */

/* Begin XCRemoteSwiftPackageReference section */
		2BFF8682239D770B00999A86 /* XCRemoteSwiftPackageReference "apollo-ios" */ = {
			isa = XCRemoteSwiftPackageReference;
			repositoryURL = "https://github.com/apollographql/apollo-ios.git";
			requirement = {
				kind = upToNextMajorVersion;
				minimumVersion = 0.20.0;
			};
		};
/* End XCRemoteSwiftPackageReference section */

/* Begin XCSwiftPackageProductDependency section */
		2BFF8683239D770B00999A86 /* Apollo */ = {
			isa = XCSwiftPackageProductDependency;
			package = 2BFF8682239D770B00999A86 /* XCRemoteSwiftPackageReference "apollo-ios" */;
			productName = Apollo;
		};
		2BFF8685239D770B00999A86 /* ApolloWebSocket */ = {
			isa = XCSwiftPackageProductDependency;
			package = 2BFF8682239D770B00999A86 /* XCRemoteSwiftPackageReference "apollo-ios" */;
			productName = ApolloWebSocket;
		};
/* End XCSwiftPackageProductDependency section */
	};
	rootObject = 2B4A8CE3239D343000AF318C /* Project object */;
}
